Microsoft Visual Studio Solution File, Format Version 12.00
# Visual Studio Version 17
VisualStudioVersion = 17.0.31903.59
MinimumVisualStudioVersion = 10.0.40219.1
Project("{2150E333-8FDC-42A3-9474-1A3956D46DE8}") = "src", "src", "{827E0CD3-B72D-47B6-A68D-7590B98EB39B}"
EndProject
Project("{2150E333-8FDC-42A3-9474-1A3956D46DE8}") = "TransactionService", "TransactionService", "{B88E4BFF-E6A5-AD27-4BCA-E1E175C48C7E}"
EndProject
Project("{FAE04EC0-301F-11D3-BF4B-00C04F79EFBC}") = "TransactionService.API", "src\TransactionService\TransactionService.API\TransactionService.API.csproj", "{AAA9E5E3-CB57-4A29-B91B-82A5989D35F0}"
EndProject
Project("{FAE04EC0-301F-11D3-BF4B-00C04F79EFBC}") = "TransactionService.Domain", "src\TransactionService\TransactionService.Domain\TransactionService.Domain.csproj", "{6B368A8D-D05D-47FA-8DB8-D841E08C07AB}"
EndProject
Project("{FAE04EC0-301F-11D3-BF4B-00C04F79EFBC}") = "TransactionService.Application", "src\TransactionService\TransactionService.Application\TransactionService.Application.csproj", "{1140CFDD-4559-4D21-BF92-B3CD6B9FE3D4}"
EndProject
Project("{FAE04EC0-301F-11D3-BF4B-00C04F79EFBC}") = "TransactionService.Infrastructure", "src\TransactionService\TransactionService.Infrastructure\TransactionService.Infrastructure.csproj", "{39FB2625-31D6-4968-8C00-B06377A4C8A5}"
EndProject
Project("{2150E333-8FDC-42A3-9474-1A3956D46DE8}") = "AntiFraudService", "AntiFraudService", "{B315A3E3-07E5-0FA6-B0FC-7330E7978CDB}"
EndProject
Project("{FAE04EC0-301F-11D3-BF4B-00C04F79EFBC}") = "AntiFraudService.API", "src\AntiFraudService\AntiFraudService.API\AntiFraudService.API.csproj", "{4B0B9ACD-9C98-4589-94ED-CEFD15C39A03}"
EndProject
Project("{FAE04EC0-301F-11D3-BF4B-00C04F79EFBC}") = "AntiFraudService.Domain", "src\AntiFraudService\AntiFraudService.Domain\AntiFraudService.Domain.csproj", "{0C986B60-8B00-4792-8C36-86A1A6F3E79F}"
EndProject
Project("{FAE04EC0-301F-11D3-BF4B-00C04F79EFBC}") = "AntiFraudService.Application", "src\AntiFraudService\AntiFraudService.Application\AntiFraudService.Application.csproj", "{634953A9-2054-4BA9-876E-3CB0E4254003}"
EndProject
Project("{FAE04EC0-301F-11D3-BF4B-00C04F79EFBC}") = "AntiFraudService.Infrastructure", "src\AntiFraudService\AntiFraudService.Infrastructure\AntiFraudService.Infrastructure.csproj", "{F05DFD09-0D94-4597-9277-32C7062F15FB}"
EndProject
Global
	GlobalSection(SolutionConfigurationPlatforms) = preSolution
		Debug|Any CPU = Debug|Any CPU
		Debug|x64 = Debug|x64
		Debug|x86 = Debug|x86
		Release|Any CPU = Release|Any CPU
		Release|x64 = Release|x64
		Release|x86 = Release|x86
	EndGlobalSection
	GlobalSection(ProjectConfigurationPlatforms) = postSolution
		{AAA9E5E3-CB57-4A29-B91B-82A5989D35F0}.Debug|Any CPU.ActiveCfg = Debug|Any CPU
		{AAA9E5E3-CB57-4A29-B91B-82A5989D35F0}.Debug|Any CPU.Build.0 = Debug|Any CPU
		{AAA9E5E3-CB57-4A29-B91B-82A5989D35F0}.Debug|x64.ActiveCfg = Debug|Any CPU
		{AAA9E5E3-CB57-4A29-B91B-82A5989D35F0}.Debug|x64.Build.0 = Debug|Any CPU
		{AAA9E5E3-CB57-4A29-B91B-82A5989D35F0}.Debug|x86.ActiveCfg = Debug|Any CPU
		{AAA9E5E3-CB57-4A29-B91B-82A5989D35F0}.Debug|x86.Build.0 = Debug|Any CPU
		{AAA9E5E3-CB57-4A29-B91B-82A5989D35F0}.Release|Any CPU.ActiveCfg = Release|Any CPU
		{AAA9E5E3-CB57-4A29-B91B-82A5989D35F0}.Release|Any CPU.Build.0 = Release|Any CPU
		{AAA9E5E3-CB57-4A29-B91B-82A5989D35F0}.Release|x64.ActiveCfg = Release|Any CPU
		{AAA9E5E3-CB57-4A29-B91B-82A5989D35F0}.Release|x64.Build.0 = Release|Any CPU
		{AAA9E5E3-CB57-4A29-B91B-82A5989D35F0}.Release|x86.ActiveCfg = Release|Any CPU
		{AAA9E5E3-CB57-4A29-B91B-82A5989D35F0}.Release|x86.Build.0 = Release|Any CPU
		{6B368A8D-D05D-47FA-8DB8-D841E08C07AB}.Debug|Any CPU.ActiveCfg = Debug|Any CPU
		{6B368A8D-D05D-47FA-8DB8-D841E08C07AB}.Debug|Any CPU.Build.0 = Debug|Any CPU
		{6B368A8D-D05D-47FA-8DB8-D841E08C07AB}.Debug|x64.ActiveCfg = Debug|Any CPU
		{6B368A8D-D05D-47FA-8DB8-D841E08C07AB}.Debug|x64.Build.0 = Debug|Any CPU
		{6B368A8D-D05D-47FA-8DB8-D841E08C07AB}.Debug|x86.ActiveCfg = Debug|Any CPU
		{6B368A8D-D05D-47FA-8DB8-D841E08C07AB}.Debug|x86.Build.0 = Debug|Any CPU
		{6B368A8D-D05D-47FA-8DB8-D841E08C07AB}.Release|Any CPU.ActiveCfg = Release|Any CPU
		{6B368A8D-D05D-47FA-8DB8-D841E08C07AB}.Release|Any CPU.Build.0 = Release|Any CPU
		{6B368A8D-D05D-47FA-8DB8-D841E08C07AB}.Release|x64.ActiveCfg = Release|Any CPU
		{6B368A8D-D05D-47FA-8DB8-D841E08C07AB}.Release|x64.Build.0 = Release|Any CPU
		{6B368A8D-D05D-47FA-8DB8-D841E08C07AB}.Release|x86.ActiveCfg = Release|Any CPU
		{6B368A8D-D05D-47FA-8DB8-D841E08C07AB}.Release|x86.Build.0 = Release|Any CPU
		{1140CFDD-4559-4D21-BF92-B3CD6B9FE3D4}.Debug|Any CPU.ActiveCfg = Debug|Any CPU
		{1140CFDD-4559-4D21-BF92-B3CD6B9FE3D4}.Debug|Any CPU.Build.0 = Debug|Any CPU
		{1140CFDD-4559-4D21-BF92-B3CD6B9FE3D4}.Debug|x64.ActiveCfg = Debug|Any CPU
		{1140CFDD-4559-4D21-BF92-B3CD6B9FE3D4}.Debug|x64.Build.0 = Debug|Any CPU
		{1140CFDD-4559-4D21-BF92-B3CD6B9FE3D4}.Debug|x86.ActiveCfg = Debug|Any CPU
		{1140CFDD-4559-4D21-BF92-B3CD6B9FE3D4}.Debug|x86.Build.0 = Debug|Any CPU
		{1140CFDD-4559-4D21-BF92-B3CD6B9FE3D4}.Release|Any CPU.ActiveCfg = Release|Any CPU
		{1140CFDD-4559-4D21-BF92-B3CD6B9FE3D4}.Release|Any CPU.Build.0 = Release|Any CPU
		{1140CFDD-4559-4D21-BF92-B3CD6B9FE3D4}.Release|x64.ActiveCfg = Release|Any CPU
		{1140CFDD-4559-4D21-BF92-B3CD6B9FE3D4}.Release|x64.Build.0 = Release|Any CPU
		{1140CFDD-4559-4D21-BF92-B3CD6B9FE3D4}.Release|x86.ActiveCfg = Release|Any CPU
		{1140CFDD-4559-4D21-BF92-B3CD6B9FE3D4}.Release|x86.Build.0 = Release|Any CPU
		{39FB2625-31D6-4968-8C00-B06377A4C8A5}.Debug|Any CPU.ActiveCfg = Debug|Any CPU
		{39FB2625-31D6-4968-8C00-B06377A4C8A5}.Debug|Any CPU.Build.0 = Debug|Any CPU
		{39FB2625-31D6-4968-8C00-B06377A4C8A5}.Debug|x64.ActiveCfg = Debug|Any CPU
		{39FB2625-31D6-4968-8C00-B06377A4C8A5}.Debug|x64.Build.0 = Debug|Any CPU
		{39FB2625-31D6-4968-8C00-B06377A4C8A5}.Debug|x86.ActiveCfg = Debug|Any CPU
		{39FB2625-31D6-4968-8C00-B06377A4C8A5}.Debug|x86.Build.0 = Debug|Any CPU
		{39FB2625-31D6-4968-8C00-B06377A4C8A5}.Release|Any CPU.ActiveCfg = Release|Any CPU
		{39FB2625-31D6-4968-8C00-B06377A4C8A5}.Release|Any CPU.Build.0 = Release|Any CPU
		{39FB2625-31D6-4968-8C00-B06377A4C8A5}.Release|x64.ActiveCfg = Release|Any CPU
		{39FB2625-31D6-4968-8C00-B06377A4C8A5}.Release|x64.Build.0 = Release|Any CPU
		{39FB2625-31D6-4968-8C00-B06377A4C8A5}.Release|x86.ActiveCfg = Release|Any CPU
		{39FB2625-31D6-4968-8C00-B06377A4C8A5}.Release|x86.Build.0 = Release|Any CPU
		{4B0B9ACD-9C98-4589-94ED-CEFD15C39A03}.Debug|Any CPU.ActiveCfg = Debug|Any CPU
		{4B0B9ACD-9C98-4589-94ED-CEFD15C39A03}.Debug|Any CPU.Build.0 = Debug|Any CPU
		{4B0B9ACD-9C98-4589-94ED-CEFD15C39A03}.Debug|x64.ActiveCfg = Debug|Any CPU
		{4B0B9ACD-9C98-4589-94ED-CEFD15C39A03}.Debug|x64.Build.0 = Debug|Any CPU
		{4B0B9ACD-9C98-4589-94ED-CEFD15C39A03}.Debug|x86.ActiveCfg = Debug|Any CPU
		{4B0B9ACD-9C98-4589-94ED-CEFD15C39A03}.Debug|x86.Build.0 = Debug|Any CPU
		{4B0B9ACD-9C98-4589-94ED-CEFD15C39A03}.Release|Any CPU.ActiveCfg = Release|Any CPU
		{4B0B9ACD-9C98-4589-94ED-CEFD15C39A03}.Release|Any CPU.Build.0 = Release|Any CPU
		{4B0B9ACD-9C98-4589-94ED-CEFD15C39A03}.Release|x64.ActiveCfg = Release|Any CPU
		{4B0B9ACD-9C98-4589-94ED-CEFD15C39A03}.Release|x64.Build.0 = Release|Any CPU
		{4B0B9ACD-9C98-4589-94ED-CEFD15C39A03}.Release|x86.ActiveCfg = Release|Any CPU
		{4B0B9ACD-9C98-4589-94ED-CEFD15C39A03}.Release|x86.Build.0 = Release|Any CPU
		{0C986B60-8B00-4792-8C36-86A1A6F3E79F}.Debug|Any CPU.ActiveCfg = Debug|Any CPU
		{0C986B60-8B00-4792-8C36-86A1A6F3E79F}.Debug|Any CPU.Build.0 = Debug|Any CPU
		{0C986B60-8B00-4792-8C36-86A1A6F3E79F}.Debug|x64.ActiveCfg = Debug|Any CPU
		{0C986B60-8B00-4792-8C36-86A1A6F3E79F}.Debug|x64.Build.0 = Debug|Any CPU
		{0C986B60-8B00-4792-8C36-86A1A6F3E79F}.Debug|x86.ActiveCfg = Debug|Any CPU
		{0C986B60-8B00-4792-8C36-86A1A6F3E79F}.Debug|x86.Build.0 = Debug|Any CPU
		{0C986B60-8B00-4792-8C36-86A1A6F3E79F}.Release|Any CPU.ActiveCfg = Release|Any CPU
		{0C986B60-8B00-4792-8C36-86A1A6F3E79F}.Release|Any CPU.Build.0 = Release|Any CPU
		{0C986B60-8B00-4792-8C36-86A1A6F3E79F}.Release|x64.ActiveCfg = Release|Any CPU
		{0C986B60-8B00-4792-8C36-86A1A6F3E79F}.Release|x64.Build.0 = Release|Any CPU
		{0C986B60-8B00-4792-8C36-86A1A6F3E79F}.Release|x86.ActiveCfg = Release|Any CPU
		{0C986B60-8B00-4792-8C36-86A1A6F3E79F}.Release|x86.Build.0 = Release|Any CPU
		{634953A9-2054-4BA9-876E-3CB0E4254003}.Debug|Any CPU.ActiveCfg = Debug|Any CPU
		{634953A9-2054-4BA9-876E-3CB0E4254003}.Debug|Any CPU.Build.0 = Debug|Any CPU
		{634953A9-2054-4BA9-876E-3CB0E4254003}.Debug|x64.ActiveCfg = Debug|Any CPU
		{634953A9-2054-4BA9-876E-3CB0E4254003}.Debug|x64.Build.0 = Debug|Any CPU
		{634953A9-2054-4BA9-876E-3CB0E4254003}.Debug|x86.ActiveCfg = Debug|Any CPU
		{634953A9-2054-4BA9-876E-3CB0E4254003}.Debug|x86.Build.0 = Debug|Any CPU
		{634953A9-2054-4BA9-876E-3CB0E4254003}.Release|Any CPU.ActiveCfg = Release|Any CPU
		{634953A9-2054-4BA9-876E-3CB0E4254003}.Release|Any CPU.Build.0 = Release|Any CPU
		{634953A9-2054-4BA9-876E-3CB0E4254003}.Release|x64.ActiveCfg = Release|Any CPU
		{634953A9-2054-4BA9-876E-3CB0E4254003}.Release|x64.Build.0 = Release|Any CPU
		{634953A9-2054-4BA9-876E-3CB0E4254003}.Release|x86.ActiveCfg = Release|Any CPU
		{634953A9-2054-4BA9-876E-3CB0E4254003}.Release|x86.Build.0 = Release|Any CPU
		{F05DFD09-0D94-4597-9277-32C7062F15FB}.Debug|Any CPU.ActiveCfg = Debug|Any CPU
		{F05DFD09-0D94-4597-9277-32C7062F15FB}.Debug|Any CPU.Build.0 = Debug|Any CPU
		{F05DFD09-0D94-4597-9277-32C7062F15FB}.Debug|x64.ActiveCfg = Debug|Any CPU
		{F05DFD09-0D94-4597-9277-32C7062F15FB}.Debug|x64.Build.0 = Debug|Any CPU
		{F05DFD09-0D94-4597-9277-32C7062F15FB}.Debug|x86.ActiveCfg = Debug|Any CPU
		{F05DFD09-0D94-4597-9277-32C7062F15FB}.Debug|x86.Build.0 = Debug|Any CPU
		{F05DFD09-0D94-4597-9277-32C7062F15FB}.Release|Any CPU.ActiveCfg = Release|Any CPU
		{F05DFD09-0D94-4597-9277-32C7062F15FB}.Release|Any CPU.Build.0 = Release|Any CPU
		{F05DFD09-0D94-4597-9277-32C7062F15FB}.Release|x64.ActiveCfg = Release|Any CPU
		{F05DFD09-0D94-4597-9277-32C7062F15FB}.Release|x64.Build.0 = Release|Any CPU
		{F05DFD09-0D94-4597-9277-32C7062F15FB}.Release|x86.ActiveCfg = Release|Any CPU
		{F05DFD09-0D94-4597-9277-32C7062F15FB}.Release|x86.Build.0 = Release|Any CPU
	EndGlobalSection
	GlobalSection(SolutionProperties) = preSolution
		HideSolutionNode = FALSE
	EndGlobalSection
	GlobalSection(NestedProjects) = preSolution
		{B88E4BFF-E6A5-AD27-4BCA-E1E175C48C7E} = {827E0CD3-B72D-47B6-A68D-7590B98EB39B}
		{AAA9E5E3-CB57-4A29-B91B-82A5989D35F0} = {B88E4BFF-E6A5-AD27-4BCA-E1E175C48C7E}
		{6B368A8D-D05D-47FA-8DB8-D841E08C07AB} = {B88E4BFF-E6A5-AD27-4BCA-E1E175C48C7E}
		{1140CFDD-4559-4D21-BF92-B3CD6B9FE3D4} = {B88E4BFF-E6A5-AD27-4BCA-E1E175C48C7E}
		{39FB2625-31D6-4968-8C00-B06377A4C8A5} = {B88E4BFF-E6A5-AD27-4BCA-E1E175C48C7E}
		{B315A3E3-07E5-0FA6-B0FC-7330E7978CDB} = {827E0CD3-B72D-47B6-A68D-7590B98EB39B}
		{4B0B9ACD-9C98-4589-94ED-CEFD15C39A03} = {B315A3E3-07E5-0FA6-B0FC-7330E7978CDB}
		{0C986B60-8B00-4792-8C36-86A1A6F3E79F} = {B315A3E3-07E5-0FA6-B0FC-7330E7978CDB}
		{634953A9-2054-4BA9-876E-3CB0E4254003} = {B315A3E3-07E5-0FA6-B0FC-7330E7978CDB}
		{F05DFD09-0D94-4597-9277-32C7062F15FB} = {B315A3E3-07E5-0FA6-B0FC-7330E7978CDB}
	EndGlobalSection
EndGlobal
